set_global_assignment -name FAMILY "Arria 10"
set_global_assignment -name DEVICE 10AX115N2F45E1SG
set_global_assignment -name TOP_LEVEL_ENTITY DE5a_wr_slave
set_global_assignment -name ORIGINAL_QUARTUS_VERSION 17.0.0
set_global_assignment -name PROJECT_OUTPUT_DIRECTORY output_files_slave_dco
set_global_assignment -name AUTO_OPEN_DRAIN_PINS OFF
set_global_assignment -name VHDL_FILE DE5a_wr_slave_dco.vhd
set_global_assignment -name VHDL_FILE ../vendor/wr-cores/ip_cores/general-cores/modules/genrams/genram_pkg.vhd
set_global_assignment -name VHDL_FILE ../vendor/wr-cores/ip_cores/general-cores/modules/wishbone/wishbone_pkg.vhd
set_global_assignment -name VHDL_FILE ../vendor/wr-cores/ip_cores/general-cores/modules/common/gencores_pkg.vhd
set_global_assignment -name VHDL_FILE ../vendor/wr-cores/modules/fabric/wr_fabric_pkg.vhd
set_global_assignment -name VHDL_FILE ../vendor/wr-cores/modules/wr_endpoint/endpoint_pkg.vhd
set_global_assignment -name VHDL_FILE ../vendor/wr-cores-arria10/ip_cores/general-cores/platform/altera/networks/altera_networks_pkg.vhd
set_global_assignment -name VHDL_FILE ../vendor/wr-cores-arria10/platform/altera/wr_altera_pkg.vhd
set_global_assignment -name VHDL_FILE ../vendor/wr-cores-arria10/ip_cores/general-cores/modules/common/gc_sync_ffs.vhd
set_global_assignment -name VHDL_FILE ../vendor/wr-cores-arria10/platform/altera/wr_arria10_phy.vhd
set_global_assignment -name QIP_FILE ../work_wrphy_full/wr_arria10_e3p1_phy/wr_arria10_e3p1_det_phy/generated/wr_arria10_e3p1_det_phy.qip
set_global_assignment -name QIP_FILE ../work_wrphy_full/wr_arria10_e3p1_phy/wr_arria10_e3p1_atx_pll/generated/wr_arria10_e3p1_atx_pll.qip
set_global_assignment -name QIP_FILE ../work_wrphy_full/wr_arria10_e3p1_phy/wr_arria10_e3p1_rst_ctl/generated/wr_arria10_e3p1_rst_ctl.qip
set_global_assignment -name VERILOG_FILE si5340a_controller_dco.v
set_global_assignment -name VERILOG_FILE ../si5340_controller/si5340a_clk_frq_sel_gen.v
set_global_assignment -name VERILOG_FILE ../si5340_controller/si5340a_freq_prameter_selector.v
set_global_assignment -name VERILOG_FILE si5340a_i2c_reg_controller_dco.v
set_global_assignment -name VERILOG_FILE i2c_bus_controller_dco.v
set_global_assignment -name VERILOG_FILE ../si5340_controller/edge_detector.v
set_global_assignment -name VERILOG_FILE ../si5340_controller/clock_divider.v
set_global_assignment -name VERILOG_FILE ../si5340_controller/initial_config.v
set_global_assignment -name SDC_FILE DE5a_wr_slave_dco.sdc

set_instance_assignment -name IO_STANDARD "1.8 V" -to CLK_50_B2J
set_location_assignment PIN_W36 -to CLK_50_B2J
set_instance_assignment -name IO_STANDARD "1.8 V" -to CPU_RESET_n
set_location_assignment PIN_AP24 -to CPU_RESET_n
set_instance_assignment -name IO_STANDARD "1.2 V" -to BUTTON[0]
set_location_assignment PIN_AJ13 -to BUTTON[0]
set_location_assignment PIN_T11 -to LED[0]
set_location_assignment PIN_R11 -to LED[1]
set_location_assignment PIN_N15 -to LED[2]
set_location_assignment PIN_M15 -to LED[3]
set_location_assignment PIN_AF10 -to LED_BRACKET[0]
set_location_assignment PIN_AF9 -to LED_BRACKET[1]
set_location_assignment PIN_Y13 -to LED_BRACKET[2]
set_location_assignment PIN_W11 -to LED_BRACKET[3]
set_instance_assignment -name IO_STANDARD "1.8 V" -to QSFPA_INTERRUPT_n
set_instance_assignment -name IO_STANDARD "1.8 V" -to QSFPA_LP_MODE
set_instance_assignment -name IO_STANDARD "1.8 V" -to QSFPA_MOD_PRS_n
set_instance_assignment -name IO_STANDARD "1.8 V" -to QSFPA_MOD_SEL_n
set_instance_assignment -name IO_STANDARD LVDS -to QSFPA_REFCLK_p
set_instance_assignment -name IO_STANDARD LVDS -to QSFPB_REFCLK_p
set_instance_assignment -name XCVR_REFCLK_PIN_TERMINATION AC_COUPLING -to QSFPA_REFCLK_p
set_instance_assignment -name XCVR_REFCLK_PIN_TERMINATION AC_COUPLING -to QSFPB_REFCLK_p
set_instance_assignment -name IO_STANDARD "1.8 V" -to QSFPA_RST_n
set_instance_assignment -name IO_STANDARD "HSSI Differential I/O" -to QSFPA_RX_p[0]
set_instance_assignment -name IO_STANDARD "HSSI Differential I/O" -to QSFPA_TX_p[0]
set_instance_assignment -name XCVR_IO_PIN_TERMINATION 100_OHMS -to QSFPA_RX_p[0]
set_instance_assignment -name XCVR_IO_PIN_TERMINATION 100_OHMS -to QSFPA_TX_p[0]
set_instance_assignment -name XCVR_A10_TX_PRE_EMP_SWITCHING_CTRL_1ST_POST_TAP 18 -to QSFPA_TX_p[0]
set_instance_assignment -name XCVR_A10_TX_PRE_EMP_SWITCHING_CTRL_1ST_POST_TAP 18 -to QSFPA_TX_p[1]
set_instance_assignment -name XCVR_A10_TX_PRE_EMP_SWITCHING_CTRL_1ST_POST_TAP 18 -to QSFPA_TX_p[2]
set_instance_assignment -name XCVR_A10_TX_PRE_EMP_SWITCHING_CTRL_1ST_POST_TAP 18 -to QSFPA_TX_p[3]
set_instance_assignment -name IO_STANDARD "1.8 V" -to QSFPA_SCL
set_instance_assignment -name IO_STANDARD "1.8 V" -to QSFPA_SDA
set_location_assignment PIN_AB9 -to QSFPA_INTERRUPT_n
set_location_assignment PIN_AB10 -to QSFPA_LP_MODE
set_location_assignment PIN_AG10 -to QSFPA_MOD_PRS_n
set_location_assignment PIN_AC10 -to QSFPA_MOD_SEL_n
set_location_assignment PIN_AH5 -to QSFPA_REFCLK_p
set_location_assignment PIN_AD5 -to QSFPB_REFCLK_p
set_location_assignment PIN_AA9 -to QSFPA_RST_n
set_location_assignment PIN_BB5 -to QSFPA_RX_p[0]
set_location_assignment PIN_AA10 -to QSFPA_SCL
set_location_assignment PIN_Y9 -to QSFPA_SDA
set_location_assignment PIN_BD5 -to QSFPA_TX_p[0]
set_instance_assignment -name IO_STANDARD "1.8 V" -to SI5340A_I2C_SCL
set_instance_assignment -name IO_STANDARD "1.8 V" -to SI5340A_I2C_SDA
set_instance_assignment -name IO_STANDARD "1.8 V" -to SI5340A_INTR
set_instance_assignment -name IO_STANDARD "1.8 V" -to SI5340A_OE_n
set_instance_assignment -name IO_STANDARD "1.8 V" -to SI5340A_RST_n
set_instance_assignment -name IO_STANDARD "1.8 V" -to SMA_CLKOUT
set_location_assignment PIN_AF11 -to SI5340A_I2C_SCL
set_location_assignment PIN_AE11 -to SI5340A_I2C_SDA
set_location_assignment PIN_AM6 -to SI5340A_INTR
set_location_assignment PIN_AJ10 -to SI5340A_OE_n
set_location_assignment PIN_AN6 -to SI5340A_RST_n
set_location_assignment PIN_AA36 -to SMA_CLKOUT

set_global_assignment -name VERILOG_FILE ../vendor/wr-cores/ip_cores/urv-core/rtl/urv_config.v
set_global_assignment -name VERILOG_FILE ../vendor/wr-cores/ip_cores/urv-core/rtl/urv_cpu.v
set_global_assignment -name VERILOG_FILE ../vendor/wr-cores/ip_cores/urv-core/rtl/urv_csr.v
set_global_assignment -name VERILOG_FILE ../vendor/wr-cores/ip_cores/urv-core/rtl/urv_decode.v
set_global_assignment -name VERILOG_FILE ../vendor/wr-cores/ip_cores/urv-core/rtl/urv_defs.v
set_global_assignment -name VERILOG_FILE ../vendor/wr-cores/ip_cores/urv-core/rtl/urv_divide.v
set_global_assignment -name VERILOG_FILE ../vendor/wr-cores/ip_cores/urv-core/rtl/urv_ecc.v
set_global_assignment -name VERILOG_FILE ../vendor/wr-cores/ip_cores/urv-core/rtl/urv_exceptions.v
set_global_assignment -name VERILOG_FILE ../vendor/wr-cores/ip_cores/urv-core/rtl/urv_exec.v
set_global_assignment -name VERILOG_FILE ../vendor/wr-cores/ip_cores/urv-core/rtl/urv_fetch.v
set_global_assignment -name VERILOG_FILE ../vendor/wr-cores/ip_cores/urv-core/rtl/urv_iram.v
set_global_assignment -name VERILOG_FILE ../vendor/wr-cores/ip_cores/urv-core/rtl/urv_multiply.v
set_global_assignment -name VERILOG_FILE ../vendor/wr-cores/ip_cores/urv-core/rtl/urv_regfile.v
set_global_assignment -name VERILOG_FILE ../vendor/wr-cores/ip_cores/urv-core/rtl/urv_shifter.v
set_global_assignment -name VERILOG_FILE ../vendor/wr-cores/ip_cores/urv-core/rtl/urv_timer.v
set_global_assignment -name VERILOG_FILE ../vendor/wr-cores/ip_cores/urv-core/rtl/urv_writeback.v
set_global_assignment -name VHDL_FILE ../vendor/wr-cores/ip_cores/general-cores/modules/common/gc_arbitrated_mux.vhd
set_global_assignment -name VHDL_FILE ../vendor/wr-cores/ip_cores/general-cores/modules/common/gc_async_counter_diff.vhd
set_global_assignment -name VHDL_FILE ../vendor/wr-cores/ip_cores/general-cores/modules/common/gc_async_signals_input_stage.vhd
set_global_assignment -name VHDL_FILE ../vendor/wr-cores/ip_cores/general-cores/modules/common/gc_bicolor_led_ctrl.vhd
set_global_assignment -name VHDL_FILE ../vendor/wr-cores/ip_cores/general-cores/modules/common/gc_big_adder.vhd
set_global_assignment -name VHDL_FILE ../vendor/wr-cores/ip_cores/general-cores/modules/common/gc_comparator.vhd
set_global_assignment -name VHDL_FILE ../vendor/wr-cores/ip_cores/general-cores/modules/common/gc_crc_gen.vhd
set_global_assignment -name VHDL_FILE ../vendor/wr-cores/ip_cores/general-cores/modules/common/gc_dec_8b10b.vhd
set_global_assignment -name VHDL_FILE ../vendor/wr-cores/ip_cores/general-cores/modules/common/gc_delay_gen.vhd
set_global_assignment -name VHDL_FILE ../vendor/wr-cores/ip_cores/general-cores/modules/common/gc_delay_line.vhd
set_global_assignment -name VHDL_FILE ../vendor/wr-cores/ip_cores/general-cores/modules/common/gc_ds182x_interface.vhd
set_global_assignment -name VHDL_FILE ../vendor/wr-cores/ip_cores/general-cores/modules/common/gc_ds182x_readout/gc_ds182x_readout.vhd
set_global_assignment -name VHDL_FILE ../vendor/wr-cores/ip_cores/general-cores/modules/common/gc_dual_pi_controller.vhd
set_global_assignment -name VHDL_FILE ../vendor/wr-cores/ip_cores/general-cores/modules/common/gc_dyn_extend_pulse.vhd
set_global_assignment -name VHDL_FILE ../vendor/wr-cores/ip_cores/general-cores/modules/common/gc_dyn_glitch_filt.vhd
set_global_assignment -name VHDL_FILE ../vendor/wr-cores/ip_cores/general-cores/modules/common/gc_edge_detect.vhd
set_global_assignment -name VHDL_FILE ../vendor/wr-cores/ip_cores/general-cores/modules/common/gc_enc_8b10b.vhd
set_global_assignment -name VHDL_FILE ../vendor/wr-cores/ip_cores/general-cores/modules/common/gc_extend_pulse.vhd
set_global_assignment -name VHDL_FILE ../vendor/wr-cores/ip_cores/general-cores/modules/common/gc_frequency_meter.vhd
set_global_assignment -name VHDL_FILE ../vendor/wr-cores/ip_cores/general-cores/modules/common/gc_fsm_watchdog.vhd
set_global_assignment -name VHDL_FILE ../vendor/wr-cores/ip_cores/general-cores/modules/common/gc_glitch_filt.vhd
set_global_assignment -name VHDL_FILE ../vendor/wr-cores/ip_cores/general-cores/modules/common/gc_i2c_slave.vhd
set_global_assignment -name VHDL_FILE ../vendor/wr-cores/ip_cores/general-cores/modules/common/gc_moving_average.vhd
set_global_assignment -name VHDL_FILE ../vendor/wr-cores/ip_cores/general-cores/modules/common/gc_multichannel_frequency_meter.vhd
set_global_assignment -name VHDL_FILE ../vendor/wr-cores/ip_cores/general-cores/modules/common/gc_negedge.vhd
set_global_assignment -name VHDL_FILE ../vendor/wr-cores/ip_cores/general-cores/modules/common/gc_posedge.vhd
set_global_assignment -name VHDL_FILE ../vendor/wr-cores/ip_cores/general-cores/modules/common/gc_prio_encoder.vhd
set_global_assignment -name VHDL_FILE ../vendor/wr-cores/ip_cores/general-cores/modules/common/gc_pulse_synchronizer.vhd
set_global_assignment -name VHDL_FILE ../vendor/wr-cores/ip_cores/general-cores/modules/common/gc_pulse_synchronizer2.vhd
set_global_assignment -name VHDL_FILE ../vendor/wr-cores/ip_cores/general-cores/modules/common/gc_reset.vhd
set_global_assignment -name VHDL_FILE ../vendor/wr-cores/ip_cores/general-cores/modules/common/gc_reset_multi_aasd.vhd
set_global_assignment -name VHDL_FILE ../vendor/wr-cores/ip_cores/general-cores/modules/common/gc_rr_arbiter.vhd
set_global_assignment -name VHDL_FILE ../vendor/wr-cores/ip_cores/general-cores/modules/common/gc_serial_dac.vhd
set_global_assignment -name VHDL_FILE ../vendor/wr-cores/ip_cores/general-cores/modules/common/gc_sfp_i2c_adapter.vhd
set_global_assignment -name VHDL_FILE ../vendor/wr-cores/ip_cores/general-cores/modules/common/gc_simple_spi_master.vhd
set_global_assignment -name VHDL_FILE ../vendor/wr-cores/ip_cores/general-cores/modules/common/gc_single_reset_gen.vhd
set_global_assignment -name VHDL_FILE ../vendor/wr-cores/ip_cores/general-cores/modules/common/gc_sync.vhd
set_global_assignment -name VHDL_FILE ../vendor/wr-cores/ip_cores/general-cores/modules/common/gc_sync_register.vhd
set_global_assignment -name VHDL_FILE ../vendor/wr-cores/ip_cores/general-cores/modules/common/gc_sync_word_rd.vhd
set_global_assignment -name VHDL_FILE ../vendor/wr-cores/ip_cores/general-cores/modules/common/gc_sync_word_wr.vhd
set_global_assignment -name VHDL_FILE ../vendor/wr-cores/ip_cores/general-cores/modules/common/gc_word_packer.vhd
set_global_assignment -name VHDL_FILE ../vendor/wr-cores/ip_cores/general-cores/modules/common/matrix_pkg.vhd
set_global_assignment -name VHDL_FILE ../vendor/wr-cores/ip_cores/general-cores/modules/dsp/cordic_init.vhd
set_global_assignment -name VHDL_FILE ../vendor/wr-cores/ip_cores/general-cores/modules/dsp/cordic_modulo_360.vhd
set_global_assignment -name VHDL_FILE ../vendor/wr-cores/ip_cores/general-cores/modules/dsp/cordic_xy_logic_hd.vhd
set_global_assignment -name VHDL_FILE ../vendor/wr-cores/ip_cores/general-cores/modules/dsp/cordic_xy_logic_nhd.vhd
set_global_assignment -name VHDL_FILE ../vendor/wr-cores/ip_cores/general-cores/modules/dsp/cordic_xy_logic_nmhd.vhd
set_global_assignment -name VHDL_FILE ../vendor/wr-cores/ip_cores/general-cores/modules/dsp/gc_cordic.vhd
set_global_assignment -name VHDL_FILE ../vendor/wr-cores/ip_cores/general-cores/modules/dsp/gc_cordic_pkg.vhd
set_global_assignment -name VHDL_FILE ../vendor/wr-cores/ip_cores/general-cores/modules/dsp/gc_cordic_top.vhd
set_global_assignment -name VHDL_FILE ../vendor/wr-cores/ip_cores/general-cores/modules/dsp/gc_dsp_pkg.vhd
set_global_assignment -name VHDL_FILE ../vendor/wr-cores/ip_cores/general-cores/modules/dsp/gc_integer_divide.vhd
set_global_assignment -name VHDL_FILE ../vendor/wr-cores/ip_cores/general-cores/modules/dsp/gc_iq_demodulator.vhd
set_global_assignment -name VHDL_FILE ../vendor/wr-cores/ip_cores/general-cores/modules/dsp/gc_iq_modulator.vhd
set_global_assignment -name VHDL_FILE ../vendor/wr-cores/ip_cores/general-cores/modules/dsp/gc_pi_regulator.vhd
set_global_assignment -name VHDL_FILE ../vendor/wr-cores/ip_cores/general-cores/modules/dsp/gc_pipelined_fir_filter.vhd
set_global_assignment -name VHDL_FILE ../vendor/wr-cores/ip_cores/general-cores/modules/dsp/gc_soft_ramp_switch.vhd
set_global_assignment -name VHDL_FILE ../vendor/wr-cores/ip_cores/general-cores/modules/genrams/altera/altera_async_fifo.vhd
set_global_assignment -name VHDL_FILE ../vendor/wr-cores/ip_cores/general-cores/modules/genrams/altera/altera_sync_fifo.vhd
set_global_assignment -name VHDL_FILE ../vendor/wr-cores/ip_cores/general-cores/modules/genrams/altera/gc_shiftreg.vhd
set_global_assignment -name VHDL_FILE ../vendor/wr-cores/ip_cores/general-cores/modules/genrams/altera/generic_dpram.vhd
set_global_assignment -name VHDL_FILE ../vendor/wr-cores/ip_cores/general-cores/modules/genrams/altera/generic_dpram_mixed.vhd
set_global_assignment -name VHDL_FILE ../vendor/wr-cores/ip_cores/general-cores/modules/genrams/altera/generic_simple_dpram.vhd
set_global_assignment -name VHDL_FILE ../vendor/wr-cores/ip_cores/general-cores/modules/genrams/altera/generic_spram.vhd
set_global_assignment -name VHDL_FILE ../vendor/wr-cores/ip_cores/general-cores/modules/genrams/cheby/cheby_dpssram.vhd
set_global_assignment -name VHDL_FILE ../vendor/wr-cores/ip_cores/general-cores/modules/genrams/cheby/cheby_pkg.vhd
set_global_assignment -name VHDL_FILE ../vendor/wr-cores/ip_cores/general-cores/modules/genrams/common/generic_shiftreg_fifo.vhd
set_global_assignment -name VHDL_FILE ../vendor/wr-cores/ip_cores/general-cores/modules/genrams/common/inferred_async_fifo.vhd
set_global_assignment -name VHDL_FILE ../vendor/wr-cores/ip_cores/general-cores/modules/genrams/common/inferred_async_fifo_dual_rst.vhd
set_global_assignment -name VHDL_FILE ../vendor/wr-cores/ip_cores/general-cores/modules/genrams/common/inferred_sync_fifo.vhd
set_global_assignment -name VHDL_FILE ../vendor/wr-cores/ip_cores/general-cores/modules/genrams/generic/generic_async_fifo.vhd
set_global_assignment -name VHDL_FILE ../vendor/wr-cores/ip_cores/general-cores/modules/genrams/generic/generic_async_fifo_dual_rst.vhd
set_global_assignment -name VHDL_FILE ../vendor/wr-cores/ip_cores/general-cores/modules/genrams/generic/generic_sync_fifo.vhd
set_global_assignment -name VHDL_FILE ../vendor/wr-cores/ip_cores/general-cores/modules/genrams/memory_loader_pkg.vhd
set_global_assignment -name VHDL_FILE ../vendor/wr-cores/ip_cores/general-cores/modules/radtol/secded_32b_pkg.vhd
set_global_assignment -name VHDL_FILE ../vendor/wr-cores/ip_cores/general-cores/modules/radtol/secded_ecc.vhd
set_global_assignment -name VHDL_FILE ../vendor/wr-cores/ip_cores/general-cores/modules/radtol/voter_status.vhd
set_global_assignment -name VHDL_FILE ../vendor/wr-cores/ip_cores/general-cores/modules/radtol/voter_vec_status.vhd
set_global_assignment -name VHDL_FILE ../vendor/wr-cores/ip_cores/general-cores/modules/wishbone/wb_async_bridge/wb_async_bridge.vhd
set_global_assignment -name VHDL_FILE ../vendor/wr-cores/ip_cores/general-cores/modules/wishbone/wb_async_bridge/xwb_async_bridge.vhd
set_global_assignment -name VHDL_FILE ../vendor/wr-cores/ip_cores/general-cores/modules/wishbone/wb_bus_fanout/xwb_bus_fanout.vhd
set_global_assignment -name VHDL_FILE ../vendor/wr-cores/ip_cores/general-cores/modules/wishbone/wb_clock_crossing/xwb_clock_bridge.vhd
set_global_assignment -name VHDL_FILE ../vendor/wr-cores/ip_cores/general-cores/modules/wishbone/wb_clock_crossing/xwb_clock_crossing.vhd
set_global_assignment -name VHDL_FILE ../vendor/wr-cores/ip_cores/general-cores/modules/wishbone/wb_clock_monitor/clock_monitor_wb.vhd
set_global_assignment -name VHDL_FILE ../vendor/wr-cores/ip_cores/general-cores/modules/wishbone/wb_clock_monitor/clock_monitor_wbgen2_pkg.vhd
set_global_assignment -name VHDL_FILE ../vendor/wr-cores/ip_cores/general-cores/modules/wishbone/wb_clock_monitor/xwb_clock_monitor.vhd
set_global_assignment -name VHDL_FILE ../vendor/wr-cores/ip_cores/general-cores/modules/wishbone/wb_crossbar/sdb_rom.vhd
set_global_assignment -name VHDL_FILE ../vendor/wr-cores/ip_cores/general-cores/modules/wishbone/wb_crossbar/xwb_crossbar.vhd
set_global_assignment -name VHDL_FILE ../vendor/wr-cores/ip_cores/general-cores/modules/wishbone/wb_crossbar/xwb_sdb_crossbar.vhd
set_global_assignment -name VHDL_FILE ../vendor/wr-cores/ip_cores/general-cores/modules/wishbone/wb_dma/xwb_dma.vhd
set_global_assignment -name VHDL_FILE ../vendor/wr-cores/ip_cores/general-cores/modules/wishbone/wb_dma/xwb_streamer.vhd
set_global_assignment -name VHDL_FILE ../vendor/wr-cores/ip_cores/general-cores/modules/wishbone/wb_dpram/xwb_dpram.vhd
set_global_assignment -name VHDL_FILE ../vendor/wr-cores/ip_cores/general-cores/modules/wishbone/wb_dpram/xwb_dpram_mixed.vhd
set_global_assignment -name VHDL_FILE ../vendor/wr-cores/ip_cores/general-cores/modules/wishbone/wb_ds182x_readout/wb_ds182x_regs.vhd
set_global_assignment -name VHDL_FILE ../vendor/wr-cores/ip_cores/general-cores/modules/wishbone/wb_ds182x_readout/xwb_ds182x_readout.vhd
set_global_assignment -name VHDL_FILE ../vendor/wr-cores/ip_cores/general-cores/modules/wishbone/wb_gpio_port/wb_gpio_port.vhd
set_global_assignment -name VHDL_FILE ../vendor/wr-cores/ip_cores/general-cores/modules/wishbone/wb_gpio_port/xwb_gpio_port.vhd
set_global_assignment -name VHDL_FILE ../vendor/wr-cores/ip_cores/general-cores/modules/wishbone/wb_i2c_bridge/wb_i2c_bridge.vhd
set_global_assignment -name VHDL_FILE ../vendor/wr-cores/ip_cores/general-cores/modules/wishbone/wb_i2c_master/i2c_master_bit_ctrl.vhd
set_global_assignment -name VHDL_FILE ../vendor/wr-cores/ip_cores/general-cores/modules/wishbone/wb_i2c_master/i2c_master_byte_ctrl.vhd
set_global_assignment -name VHDL_FILE ../vendor/wr-cores/ip_cores/general-cores/modules/wishbone/wb_i2c_master/i2c_master_top.vhd
set_global_assignment -name VHDL_FILE ../vendor/wr-cores/ip_cores/general-cores/modules/wishbone/wb_i2c_master/wb_i2c_master.vhd
set_global_assignment -name VHDL_FILE ../vendor/wr-cores/ip_cores/general-cores/modules/wishbone/wb_i2c_master/xwb_i2c_master.vhd
set_global_assignment -name VHDL_FILE ../vendor/wr-cores/ip_cores/general-cores/modules/wishbone/wb_indirect/wb_indirect_regs.vhd
set_global_assignment -name VHDL_FILE ../vendor/wr-cores/ip_cores/general-cores/modules/wishbone/wb_indirect/xwb_indirect.vhd
set_global_assignment -name VHDL_FILE ../vendor/wr-cores/ip_cores/general-cores/modules/wishbone/wb_irq/irqm_core.vhd
set_global_assignment -name VHDL_FILE ../vendor/wr-cores/ip_cores/general-cores/modules/wishbone/wb_irq/wb_irq_lm32.vhd
set_global_assignment -name VHDL_FILE ../vendor/wr-cores/ip_cores/general-cores/modules/wishbone/wb_irq/wb_irq_master.vhd
set_global_assignment -name VHDL_FILE ../vendor/wr-cores/ip_cores/general-cores/modules/wishbone/wb_irq/wb_irq_pkg.vhd
set_global_assignment -name VHDL_FILE ../vendor/wr-cores/ip_cores/general-cores/modules/wishbone/wb_irq/wb_irq_slave.vhd
set_global_assignment -name VHDL_FILE ../vendor/wr-cores/ip_cores/general-cores/modules/wishbone/wb_irq/wb_irq_timer.vhd
set_global_assignment -name VHDL_FILE ../vendor/wr-cores/ip_cores/general-cores/modules/wishbone/wb_lm32_mcs/xwb_lm32_mcs.vhd
set_global_assignment -name VHDL_FILE ../vendor/wr-cores/ip_cores/general-cores/modules/wishbone/wb_metadata/xwb_metadata.vhd
set_global_assignment -name VHDL_FILE ../vendor/wr-cores/ip_cores/general-cores/modules/wishbone/wb_onewire_master/wb_onewire_master.vhd
set_global_assignment -name VHDL_FILE ../vendor/wr-cores/ip_cores/general-cores/modules/wishbone/wb_onewire_master/xwb_onewire_master.vhd
set_global_assignment -name VERILOG_FILE ../vendor/wr-cores/ip_cores/general-cores/modules/wishbone/wb_onewire_master/sockit_owm.v
set_global_assignment -name VHDL_FILE ../vendor/wr-cores/ip_cores/general-cores/modules/wishbone/wb_register/wb_skidpad.vhd
set_global_assignment -name VHDL_FILE ../vendor/wr-cores/ip_cores/general-cores/modules/wishbone/wb_register/wb_skidpad2.vhd
set_global_assignment -name VHDL_FILE ../vendor/wr-cores/ip_cores/general-cores/modules/wishbone/wb_register/xwb_register.vhd
set_global_assignment -name VHDL_FILE ../vendor/wr-cores/ip_cores/general-cores/modules/wishbone/wb_register/xwb_register_link.vhd
set_global_assignment -name VHDL_FILE ../vendor/wr-cores/ip_cores/general-cores/modules/wishbone/wb_remapper/xwb_remapper.vhd
set_global_assignment -name VHDL_FILE ../vendor/wr-cores/ip_cores/general-cores/modules/wishbone/wb_serial_lcd/wb_serial_lcd.vhd
set_global_assignment -name VHDL_FILE ../vendor/wr-cores/ip_cores/general-cores/modules/wishbone/wb_simple_pwm/simple_pwm_wb.vhd
set_global_assignment -name VHDL_FILE ../vendor/wr-cores/ip_cores/general-cores/modules/wishbone/wb_simple_pwm/simple_pwm_wbgen2_pkg.vhd
set_global_assignment -name VHDL_FILE ../vendor/wr-cores/ip_cores/general-cores/modules/wishbone/wb_simple_pwm/wb_simple_pwm.vhd
set_global_assignment -name VHDL_FILE ../vendor/wr-cores/ip_cores/general-cores/modules/wishbone/wb_simple_pwm/xwb_simple_pwm.vhd
set_global_assignment -name VHDL_FILE ../vendor/wr-cores/ip_cores/general-cores/modules/wishbone/wb_simple_timer/wb_tics.vhd
set_global_assignment -name VHDL_FILE ../vendor/wr-cores/ip_cores/general-cores/modules/wishbone/wb_simple_timer/xwb_tics.vhd
set_global_assignment -name VHDL_FILE ../vendor/wr-cores/ip_cores/general-cores/modules/wishbone/wb_slave_adapter/wb_slave_adapter.vhd
set_global_assignment -name VHDL_FILE ../vendor/wr-cores/ip_cores/general-cores/modules/wishbone/wb_spi/wb_spi.vhd
set_global_assignment -name VHDL_FILE ../vendor/wr-cores/ip_cores/general-cores/modules/wishbone/wb_spi/xwb_spi.vhd
set_global_assignment -name VHDL_FILE ../vendor/wr-cores/ip_cores/general-cores/modules/wishbone/wb_spi_flash/wb_spi_flash.vhd
set_global_assignment -name VHDL_FILE ../vendor/wr-cores/ip_cores/general-cores/modules/wishbone/wb_split/xwb_split.vhd
set_global_assignment -name VHDL_FILE ../vendor/wr-cores/ip_cores/general-cores/modules/wishbone/wb_uart/simple_uart_pkg.vhd
set_global_assignment -name VHDL_FILE ../vendor/wr-cores/ip_cores/general-cores/modules/wishbone/wb_uart/simple_uart_wb.vhd
set_global_assignment -name VHDL_FILE ../vendor/wr-cores/ip_cores/general-cores/modules/wishbone/wb_uart/uart_async_rx.vhd
set_global_assignment -name VHDL_FILE ../vendor/wr-cores/ip_cores/general-cores/modules/wishbone/wb_uart/uart_async_tx.vhd
set_global_assignment -name VHDL_FILE ../vendor/wr-cores/ip_cores/general-cores/modules/wishbone/wb_uart/uart_baud_gen.vhd
set_global_assignment -name VHDL_FILE ../vendor/wr-cores/ip_cores/general-cores/modules/wishbone/wb_uart/uart_wb_slave.vhd
set_global_assignment -name VHDL_FILE ../vendor/wr-cores/ip_cores/general-cores/modules/wishbone/wb_uart/wb_simple_uart.vhd
set_global_assignment -name VHDL_FILE ../vendor/wr-cores/ip_cores/general-cores/modules/wishbone/wb_uart/xwb_simple_uart.vhd
set_global_assignment -name VHDL_FILE ../vendor/wr-cores/ip_cores/general-cores/modules/wishbone/wb_vic/wb_vic.vhd
set_global_assignment -name VHDL_FILE ../vendor/wr-cores/ip_cores/general-cores/modules/wishbone/wb_vic/wb_vic_regs.vhd
set_global_assignment -name VHDL_FILE ../vendor/wr-cores/ip_cores/general-cores/modules/wishbone/wb_vic/xwb_vic.vhd
set_global_assignment -name VHDL_FILE ../vendor/wr-cores/ip_cores/general-cores/modules/wishbone/wb16_to_wb32/wb16_to_wb32.vhd
set_global_assignment -name VHDL_FILE ../vendor/wr-cores/ip_cores/general-cores/modules/wishbone/wbgen2/wbgen2_dpssram.vhd
set_global_assignment -name VHDL_FILE ../vendor/wr-cores/ip_cores/general-cores/modules/wishbone/wbgen2/wbgen2_eic.vhd
set_global_assignment -name VHDL_FILE ../vendor/wr-cores/ip_cores/general-cores/modules/wishbone/wbgen2/wbgen2_fifo_async.vhd
set_global_assignment -name VHDL_FILE ../vendor/wr-cores/ip_cores/general-cores/modules/wishbone/wbgen2/wbgen2_fifo_sync.vhd
set_global_assignment -name VHDL_FILE ../vendor/wr-cores/ip_cores/general-cores/modules/wishbone/wbgen2/wbgen2_pkg.vhd
set_global_assignment -name VHDL_FILE ../vendor/wr-cores/ip_cores/general-cores/modules/wishbone/wbgenplus/wbgenplus_pkg.vhd
set_global_assignment -name VHDL_FILE ../vendor/wr-cores/ip_cores/urv-core/rtl/urv_pkg.vhd
set_global_assignment -name VHDL_FILE ../vendor/wr-cores/ip_cores/urv-core/rtl/xurv_core.vhd
set_global_assignment -name VHDL_FILE ../vendor/wr-cores/modules/fabric/xwb_fabric_sink.vhd
set_global_assignment -name VHDL_FILE ../vendor/wr-cores/modules/fabric/xwb_fabric_source.vhd
set_global_assignment -name VHDL_FILE ../vendor/wr-cores/modules/fabric/xwrf_loopback/lbk_pkg.vhd
set_global_assignment -name VHDL_FILE ../vendor/wr-cores/modules/fabric/xwrf_loopback/lbk_wishbone_controller.vhd
set_global_assignment -name VHDL_FILE ../vendor/wr-cores/modules/fabric/xwrf_loopback/wrf_loopback.vhd
set_global_assignment -name VHDL_FILE ../vendor/wr-cores/modules/fabric/xwrf_loopback/xwrf_loopback.vhd
set_global_assignment -name VHDL_FILE ../vendor/wr-cores/modules/fabric/xwrf_mux.vhd
set_global_assignment -name VHDL_FILE ../vendor/wr-cores/modules/fabric/xwrf_reg.vhd
set_global_assignment -name VHDL_FILE ../vendor/wr-cores/modules/timing/dmtd_phase_meas.vhd
set_global_assignment -name VHDL_FILE ../vendor/wr-cores/modules/timing/dmtd_sampler.vhd
set_global_assignment -name VHDL_FILE ../vendor/wr-cores/modules/timing/dmtd_with_deglitcher.vhd
set_global_assignment -name VHDL_FILE ../vendor/wr-cores/modules/timing/hpll_period_detect.vhd
set_global_assignment -name VHDL_FILE ../vendor/wr-cores/modules/timing/multi_dmtd_with_deglitcher.vhd
set_global_assignment -name VHDL_FILE ../vendor/wr-cores/modules/timing/pulse_gen.vhd
set_global_assignment -name VHDL_FILE ../vendor/wr-cores/modules/timing/pulse_stamper.vhd
set_global_assignment -name VHDL_FILE ../vendor/wr-cores/modules/timing/pulse_stamper_sync.vhd
set_global_assignment -name VHDL_FILE ../vendor/wr-cores/modules/wr_endpoint/endpoint_private_pkg.vhd
set_global_assignment -name VHDL_FILE ../vendor/wr-cores/modules/wr_endpoint/ep_1000basex_pcs.vhd
set_global_assignment -name VHDL_FILE ../vendor/wr-cores/modules/wr_endpoint/ep_autonegotiation.vhd
set_global_assignment -name VHDL_FILE ../vendor/wr-cores/modules/wr_endpoint/ep_clock_alignment_fifo.vhd
set_global_assignment -name VHDL_FILE ../vendor/wr-cores/modules/wr_endpoint/ep_crc32_pkg.vhd
set_global_assignment -name VHDL_FILE ../vendor/wr-cores/modules/wr_endpoint/ep_flow_control.vhd
set_global_assignment -name VHDL_FILE ../vendor/wr-cores/modules/wr_endpoint/ep_leds_controller.vhd
set_global_assignment -name VHDL_FILE ../vendor/wr-cores/modules/wr_endpoint/ep_mdio_regs.vhd
set_global_assignment -name VHDL_FILE ../vendor/wr-cores/modules/wr_endpoint/ep_packet_filter.vhd
set_global_assignment -name VHDL_FILE ../vendor/wr-cores/modules/wr_endpoint/ep_registers_pkg.vhd
set_global_assignment -name VHDL_FILE ../vendor/wr-cores/modules/wr_endpoint/ep_rmon_counters.vhd
set_global_assignment -name VHDL_FILE ../vendor/wr-cores/modules/wr_endpoint/ep_rtu_header_extract.vhd
set_global_assignment -name VHDL_FILE ../vendor/wr-cores/modules/wr_endpoint/ep_rx_buffer.vhd
set_global_assignment -name VHDL_FILE ../vendor/wr-cores/modules/wr_endpoint/ep_rx_bypass_queue.vhd
set_global_assignment -name VHDL_FILE ../vendor/wr-cores/modules/wr_endpoint/ep_rx_crc_size_check.vhd
set_global_assignment -name VHDL_FILE ../vendor/wr-cores/modules/wr_endpoint/ep_rx_early_address_match.vhd
set_global_assignment -name VHDL_FILE ../vendor/wr-cores/modules/wr_endpoint/ep_rx_oob_insert.vhd
set_global_assignment -name VHDL_FILE ../vendor/wr-cores/modules/wr_endpoint/ep_rx_path.vhd
set_global_assignment -name VHDL_FILE ../vendor/wr-cores/modules/wr_endpoint/ep_rx_pcs_16bit.vhd
set_global_assignment -name VHDL_FILE ../vendor/wr-cores/modules/wr_endpoint/ep_rx_pcs_8bit.vhd
set_global_assignment -name VHDL_FILE ../vendor/wr-cores/modules/wr_endpoint/ep_rx_status_reg_insert.vhd
set_global_assignment -name VHDL_FILE ../vendor/wr-cores/modules/wr_endpoint/ep_rx_vlan_unit.vhd
set_global_assignment -name VHDL_FILE ../vendor/wr-cores/modules/wr_endpoint/ep_rx_wb_master.vhd
set_global_assignment -name VHDL_FILE ../vendor/wr-cores/modules/wr_endpoint/ep_sync_detect.vhd
set_global_assignment -name VHDL_FILE ../vendor/wr-cores/modules/wr_endpoint/ep_sync_detect_16bit.vhd
set_global_assignment -name VHDL_FILE ../vendor/wr-cores/modules/wr_endpoint/ep_timestamping_unit.vhd
set_global_assignment -name VHDL_FILE ../vendor/wr-cores/modules/wr_endpoint/ep_ts_counter.vhd
set_global_assignment -name VHDL_FILE ../vendor/wr-cores/modules/wr_endpoint/ep_tx_crc_inserter.vhd
set_global_assignment -name VHDL_FILE ../vendor/wr-cores/modules/wr_endpoint/ep_tx_framer.vhd
set_global_assignment -name VHDL_FILE ../vendor/wr-cores/modules/wr_endpoint/ep_tx_header_processor.vhd
set_global_assignment -name VHDL_FILE ../vendor/wr-cores/modules/wr_endpoint/ep_tx_inject_ctrl.vhd
set_global_assignment -name VHDL_FILE ../vendor/wr-cores/modules/wr_endpoint/ep_tx_packet_injection.vhd
set_global_assignment -name VHDL_FILE ../vendor/wr-cores/modules/wr_endpoint/ep_tx_path.vhd
set_global_assignment -name VHDL_FILE ../vendor/wr-cores/modules/wr_endpoint/ep_tx_pcs_16bit.vhd
set_global_assignment -name VHDL_FILE ../vendor/wr-cores/modules/wr_endpoint/ep_tx_pcs_8bit.vhd
set_global_assignment -name VHDL_FILE ../vendor/wr-cores/modules/wr_endpoint/ep_tx_vlan_unit.vhd
set_global_assignment -name VHDL_FILE ../vendor/wr-cores/modules/wr_endpoint/ep_wishbone_controller.vhd
set_global_assignment -name VHDL_FILE ../vendor/wr-cores/modules/wr_endpoint/wr_endpoint.vhd
set_global_assignment -name VHDL_FILE ../vendor/wr-cores/modules/wr_endpoint/xwr_endpoint.vhd
set_global_assignment -name VHDL_FILE ../vendor/wr-cores/modules/wr_mini_nic/minic_packet_buffer.vhd
set_global_assignment -name VHDL_FILE ../vendor/wr-cores/modules/wr_mini_nic/minic_wb_slave.vhd
set_global_assignment -name VHDL_FILE ../vendor/wr-cores/modules/wr_mini_nic/minic_wbgen2_pkg.vhd
set_global_assignment -name VHDL_FILE ../vendor/wr-cores/modules/wr_mini_nic/wr_mini_nic.vhd
set_global_assignment -name VHDL_FILE ../vendor/wr-cores/modules/wr_mini_nic/xwr_mini_nic.vhd
set_global_assignment -name VHDL_FILE ../vendor/wr-cores/modules/wr_pps_gen/pps_gen_wb.vhd
set_global_assignment -name VHDL_FILE ../vendor/wr-cores/modules/wr_pps_gen/wr_pps_gen.vhd
set_global_assignment -name VHDL_FILE ../vendor/wr-cores/modules/wr_pps_gen/xwr_pps_gen.vhd
set_global_assignment -name VHDL_FILE ../vendor/wr-cores/modules/wr_softpll_ng/softpll_pkg.vhd
set_global_assignment -name VHDL_FILE ../vendor/wr-cores/modules/wr_softpll_ng/spll_aligner.vhd
set_global_assignment -name VHDL_FILE ../vendor/wr-cores/modules/wr_softpll_ng/spll_bangbang_pd.vhd
set_global_assignment -name VHDL_FILE ../vendor/wr-cores/modules/wr_softpll_ng/spll_period_detect.vhd
set_global_assignment -name VHDL_FILE ../vendor/wr-cores/modules/wr_softpll_ng/spll_wb_slave.vhd
set_global_assignment -name VHDL_FILE ../vendor/wr-cores/modules/wr_softpll_ng/spll_wbgen2_pkg.vhd
set_global_assignment -name VHDL_FILE ../vendor/wr-cores/modules/wr_softpll_ng/wr_softpll_ng.vhd
set_global_assignment -name VHDL_FILE ../vendor/wr-cores/modules/wr_softpll_ng/xwr_softpll_ng.vhd
set_global_assignment -name VHDL_FILE ../vendor/wr-cores/modules/wr_txtsu/wr_txtsu_pkg.vhd
set_global_assignment -name VHDL_FILE ../vendor/wr-cores/modules/wr_txtsu/wr_txtsu_wb.vhd
set_global_assignment -name VHDL_FILE ../vendor/wr-cores/modules/wr_txtsu/xwr_txtsu.vhd
set_global_assignment -name VHDL_FILE ../vendor/wr-cores/modules/wrc_core/wr_core.vhd
set_global_assignment -name VHDL_FILE ../vendor/wr-cores/modules/wrc_core/wrc_cpu_csr_wb.vhd
set_global_assignment -name VHDL_FILE ../vendor/wr-cores/modules/wrc_core/wrc_cpu_csr_wbgen2_pkg.vhd
set_global_assignment -name VHDL_FILE ../vendor/wr-cores/modules/wrc_core/wrc_diags_dpram.vhd
set_global_assignment -name VHDL_FILE ../vendor/wr-cores/modules/wrc_core/wrc_periph.vhd
set_global_assignment -name VHDL_FILE ../vendor/wr-cores/modules/wrc_core/wrc_syscon_pkg.vhd
set_global_assignment -name VHDL_FILE ../vendor/wr-cores/modules/wrc_core/wrc_syscon_wb.vhd
set_global_assignment -name VHDL_FILE ../vendor/wr-cores/modules/wrc_core/wrc_urv_wrapper.vhd
set_global_assignment -name VHDL_FILE ../vendor/wr-cores/modules/wrc_core/wrcore_pkg.vhd
set_global_assignment -name VHDL_FILE ../vendor/wr-cores/modules/wrc_core/xwr_core.vhd

set_global_assignment -name LAST_QUARTUS_VERSION "17.0.0 Standard Edition"



